{
  "originHash" : "79b4b0c7d74bee81180e882a9c35f2fc0154212e8d90a1ad907801d5fe86c434",
  "pins" : [
    {
      "identity" : "asyncprimitiveskit",
      "kind" : "remoteSourceControl",
      "location" : "https://github.com/MrCronkite/AsyncPrimitivesKit.git",
      "state" : {
        "revision" : "7bd4b9e95b372ceec036493d1c06409225975f8b",
        "version" : "0.1.0"
      }
    },
    {
      "identity" : "snapkit",
      "kind" : "remoteSourceControl",
      "location" : "https://github.com/SnapKit/SnapKit",
      "state" : {
        "revision" : "e27a338a03a5f388de759da63f9baf7988ed9e00",
        "version" : "6.0.0"
      }
    }
  ],
  "version" : 3
}
